
Microsoft Visual Studio Solution File, Format Version 12.00
# Visual Studio 14
VisualStudioVersion = 14.0.25420.1
MinimumVisualStudioVersion = 10.0.40219.1
Project("{FAE04EC0-301F-11D3-BF4B-00C04F79EFBC}") = "Challenge3.Android", "Challenge3.Android\Challenge3.Android.csproj", "{11D6DD1A-F88F-4959-99EA-296CC957C473}"
EndProject
Project("{FAE04EC0-301F-11D3-BF4B-00C04F79EFBC}") = "Challenge3", "Challenge3\Challenge3.csproj", "{80115C60-2CE1-447B-8C77-828963B7C49A}"
EndProject
Project("{FAE04EC0-301F-11D3-BF4B-00C04F79EFBC}") = "Challenge3.iOS", "Challenge3.iOS\Challenge3.iOS.csproj", "{1FE56EA5-80EC-4481-97B8-1B5217F75C0B}"
EndProject
Global
	GlobalSection(SolutionConfigurationPlatforms) = preSolution
		Ad-Hoc|Any CPU = Ad-Hoc|Any CPU
		Ad-Hoc|ARM = Ad-Hoc|ARM
		Ad-Hoc|iPhone = Ad-Hoc|iPhone
		Ad-Hoc|iPhoneSimulator = Ad-Hoc|iPhoneSimulator
		Ad-Hoc|x64 = Ad-Hoc|x64
		Ad-Hoc|x86 = Ad-Hoc|x86
		AppStore|Any CPU = AppStore|Any CPU
		AppStore|ARM = AppStore|ARM
		AppStore|iPhone = AppStore|iPhone
		AppStore|iPhoneSimulator = AppStore|iPhoneSimulator
		AppStore|x64 = AppStore|x64
		AppStore|x86 = AppStore|x86
		Debug|Any CPU = Debug|Any CPU
		Debug|ARM = Debug|ARM
		Debug|iPhone = Debug|iPhone
		Debug|iPhoneSimulator = Debug|iPhoneSimulator
		Debug|x64 = Debug|x64
		Debug|x86 = Debug|x86
		Release|Any CPU = Release|Any CPU
		Release|ARM = Release|ARM
		Release|iPhone = Release|iPhone
		Release|iPhoneSimulator = Release|iPhoneSimulator
		Release|x64 = Release|x64
		Release|x86 = Release|x86
	EndGlobalSection
	GlobalSection(ProjectConfigurationPlatforms) = postSolution
		{11D6DD1A-F88F-4959-99EA-296CC957C473}.Ad-Hoc|Any CPU.ActiveCfg = Release|Any CPU
		{11D6DD1A-F88F-4959-99EA-296CC957C473}.Ad-Hoc|Any CPU.Build.0 = Release|Any CPU
		{11D6DD1A-F88F-4959-99EA-296CC957C473}.Ad-Hoc|Any CPU.Deploy.0 = Release|Any CPU
		{11D6DD1A-F88F-4959-99EA-296CC957C473}.Ad-Hoc|ARM.ActiveCfg = Release|Any CPU
		{11D6DD1A-F88F-4959-99EA-296CC957C473}.Ad-Hoc|ARM.Build.0 = Release|Any CPU
		{11D6DD1A-F88F-4959-99EA-296CC957C473}.Ad-Hoc|ARM.Deploy.0 = Release|Any CPU
		{11D6DD1A-F88F-4959-99EA-296CC957C473}.Ad-Hoc|iPhone.ActiveCfg = Release|Any CPU
		{11D6DD1A-F88F-4959-99EA-296CC957C473}.Ad-Hoc|iPhone.Build.0 = Release|Any CPU
		{11D6DD1A-F88F-4959-99EA-296CC957C473}.Ad-Hoc|iPhone.Deploy.0 = Release|Any CPU
		{11D6DD1A-F88F-4959-99EA-296CC957C473}.Ad-Hoc|iPhoneSimulator.ActiveCfg = Release|Any CPU
		{11D6DD1A-F88F-4959-99EA-296CC957C473}.Ad-Hoc|iPhoneSimulator.Build.0 = Release|Any CPU
		{11D6DD1A-F88F-4959-99EA-296CC957C473}.Ad-Hoc|iPhoneSimulator.Deploy.0 = Release|Any CPU
		{11D6DD1A-F88F-4959-99EA-296CC957C473}.Ad-Hoc|x64.ActiveCfg = Release|Any CPU
		{11D6DD1A-F88F-4959-99EA-296CC957C473}.Ad-Hoc|x64.Build.0 = Release|Any CPU
		{11D6DD1A-F88F-4959-99EA-296CC957C473}.Ad-Hoc|x64.Deploy.0 = Release|Any CPU
		{11D6DD1A-F88F-4959-99EA-296CC957C473}.Ad-Hoc|x86.ActiveCfg = Release|Any CPU
		{11D6DD1A-F88F-4959-99EA-296CC957C473}.Ad-Hoc|x86.Build.0 = Release|Any CPU
		{11D6DD1A-F88F-4959-99EA-296CC957C473}.Ad-Hoc|x86.Deploy.0 = Release|Any CPU
		{11D6DD1A-F88F-4959-99EA-296CC957C473}.AppStore|Any CPU.ActiveCfg = Release|Any CPU
		{11D6DD1A-F88F-4959-99EA-296CC957C473}.AppStore|Any CPU.Build.0 = Release|Any CPU
		{11D6DD1A-F88F-4959-99EA-296CC957C473}.AppStore|Any CPU.Deploy.0 = Release|Any CPU
		{11D6DD1A-F88F-4959-99EA-296CC957C473}.AppStore|ARM.ActiveCfg = Release|Any CPU
		{11D6DD1A-F88F-4959-99EA-296CC957C473}.AppStore|ARM.Build.0 = Release|Any CPU
		{11D6DD1A-F88F-4959-99EA-296CC957C473}.AppStore|ARM.Deploy.0 = Release|Any CPU
		{11D6DD1A-F88F-4959-99EA-296CC957C473}.AppStore|iPhone.ActiveCfg = Release|Any CPU
		{11D6DD1A-F88F-4959-99EA-296CC957C473}.AppStore|iPhone.Build.0 = Release|Any CPU
		{11D6DD1A-F88F-4959-99EA-296CC957C473}.AppStore|iPhone.Deploy.0 = Release|Any CPU
		{11D6DD1A-F88F-4959-99EA-296CC957C473}.AppStore|iPhoneSimulator.ActiveCfg = Release|Any CPU
		{11D6DD1A-F88F-4959-99EA-296CC957C473}.AppStore|iPhoneSimulator.Build.0 = Release|Any CPU
		{11D6DD1A-F88F-4959-99EA-296CC957C473}.AppStore|iPhoneSimulator.Deploy.0 = Release|Any CPU
		{11D6DD1A-F88F-4959-99EA-296CC957C473}.AppStore|x64.ActiveCfg = Release|Any CPU
		{11D6DD1A-F88F-4959-99EA-296CC957C473}.AppStore|x64.Build.0 = Release|Any CPU
		{11D6DD1A-F88F-4959-99EA-296CC957C473}.AppStore|x64.Deploy.0 = Release|Any CPU
		{11D6DD1A-F88F-4959-99EA-296CC957C473}.AppStore|x86.ActiveCfg = Release|Any CPU
		{11D6DD1A-F88F-4959-99EA-296CC957C473}.AppStore|x86.Build.0 = Release|Any CPU
		{11D6DD1A-F88F-4959-99EA-296CC957C473}.AppStore|x86.Deploy.0 = Release|Any CPU
		{11D6DD1A-F88F-4959-99EA-296CC957C473}.Debug|Any CPU.ActiveCfg = Debug|Any CPU
		{11D6DD1A-F88F-4959-99EA-296CC957C473}.Debug|Any CPU.Build.0 = Debug|Any CPU
		{11D6DD1A-F88F-4959-99EA-296CC957C473}.Debug|Any CPU.Deploy.0 = Debug|Any CPU
		{11D6DD1A-F88F-4959-99EA-296CC957C473}.Debug|ARM.ActiveCfg = Debug|Any CPU
		{11D6DD1A-F88F-4959-99EA-296CC957C473}.Debug|ARM.Build.0 = Debug|Any CPU
		{11D6DD1A-F88F-4959-99EA-296CC957C473}.Debug|ARM.Deploy.0 = Debug|Any CPU
		{11D6DD1A-F88F-4959-99EA-296CC957C473}.Debug|iPhone.ActiveCfg = Debug|Any CPU
		{11D6DD1A-F88F-4959-99EA-296CC957C473}.Debug|iPhone.Build.0 = Debug|Any CPU
		{11D6DD1A-F88F-4959-99EA-296CC957C473}.Debug|iPhone.Deploy.0 = Debug|Any CPU
		{11D6DD1A-F88F-4959-99EA-296CC957C473}.Debug|iPhoneSimulator.ActiveCfg = Debug|Any CPU
		{11D6DD1A-F88F-4959-99EA-296CC957C473}.Debug|iPhoneSimulator.Build.0 = Debug|Any CPU
		{11D6DD1A-F88F-4959-99EA-296CC957C473}.Debug|iPhoneSimulator.Deploy.0 = Debug|Any CPU
		{11D6DD1A-F88F-4959-99EA-296CC957C473}.Debug|x64.ActiveCfg = Debug|Any CPU
		{11D6DD1A-F88F-4959-99EA-296CC957C473}.Debug|x64.Build.0 = Debug|Any CPU
		{11D6DD1A-F88F-4959-99EA-296CC957C473}.Debug|x64.Deploy.0 = Debug|Any CPU
		{11D6DD1A-F88F-4959-99EA-296CC957C473}.Debug|x86.ActiveCfg = Debug|Any CPU
		{11D6DD1A-F88F-4959-99EA-296CC957C473}.Debug|x86.Build.0 = Debug|Any CPU
		{11D6DD1A-F88F-4959-99EA-296CC957C473}.Debug|x86.Deploy.0 = Debug|Any CPU
		{11D6DD1A-F88F-4959-99EA-296CC957C473}.Release|Any CPU.ActiveCfg = Release|Any CPU
		{11D6DD1A-F88F-4959-99EA-296CC957C473}.Release|Any CPU.Build.0 = Release|Any CPU
		{11D6DD1A-F88F-4959-99EA-296CC957C473}.Release|Any CPU.Deploy.0 = Release|Any CPU
		{11D6DD1A-F88F-4959-99EA-296CC957C473}.Release|ARM.ActiveCfg = Release|Any CPU
		{11D6DD1A-F88F-4959-99EA-296CC957C473}.Release|ARM.Build.0 = Release|Any CPU
		{11D6DD1A-F88F-4959-99EA-296CC957C473}.Release|ARM.Deploy.0 = Release|Any CPU
		{11D6DD1A-F88F-4959-99EA-296CC957C473}.Release|iPhone.ActiveCfg = Release|Any CPU
		{11D6DD1A-F88F-4959-99EA-296CC957C473}.Release|iPhone.Build.0 = Release|Any CPU
		{11D6DD1A-F88F-4959-99EA-296CC957C473}.Release|iPhone.Deploy.0 = Release|Any CPU
		{11D6DD1A-F88F-4959-99EA-296CC957C473}.Release|iPhoneSimulator.ActiveCfg = Release|Any CPU
		{11D6DD1A-F88F-4959-99EA-296CC957C473}.Release|iPhoneSimulator.Build.0 = Release|Any CPU
		{11D6DD1A-F88F-4959-99EA-296CC957C473}.Release|iPhoneSimulator.Deploy.0 = Release|Any CPU
		{11D6DD1A-F88F-4959-99EA-296CC957C473}.Release|x64.ActiveCfg = Release|Any CPU
		{11D6DD1A-F88F-4959-99EA-296CC957C473}.Release|x64.Build.0 = Release|Any CPU
		{11D6DD1A-F88F-4959-99EA-296CC957C473}.Release|x64.Deploy.0 = Release|Any CPU
		{11D6DD1A-F88F-4959-99EA-296CC957C473}.Release|x86.ActiveCfg = Release|Any CPU
		{11D6DD1A-F88F-4959-99EA-296CC957C473}.Release|x86.Build.0 = Release|Any CPU
		{11D6DD1A-F88F-4959-99EA-296CC957C473}.Release|x86.Deploy.0 = Release|Any CPU
		{80115C60-2CE1-447B-8C77-828963B7C49A}.Ad-Hoc|Any CPU.ActiveCfg = Release|Any CPU
		{80115C60-2CE1-447B-8C77-828963B7C49A}.Ad-Hoc|Any CPU.Build.0 = Release|Any CPU
		{80115C60-2CE1-447B-8C77-828963B7C49A}.Ad-Hoc|ARM.ActiveCfg = Release|Any CPU
		{80115C60-2CE1-447B-8C77-828963B7C49A}.Ad-Hoc|ARM.Build.0 = Release|Any CPU
		{80115C60-2CE1-447B-8C77-828963B7C49A}.Ad-Hoc|iPhone.ActiveCfg = Release|Any CPU
		{80115C60-2CE1-447B-8C77-828963B7C49A}.Ad-Hoc|iPhone.Build.0 = Release|Any CPU
		{80115C60-2CE1-447B-8C77-828963B7C49A}.Ad-Hoc|iPhoneSimulator.ActiveCfg = Release|Any CPU
		{80115C60-2CE1-447B-8C77-828963B7C49A}.Ad-Hoc|iPhoneSimulator.Build.0 = Release|Any CPU
		{80115C60-2CE1-447B-8C77-828963B7C49A}.Ad-Hoc|x64.ActiveCfg = Release|Any CPU
		{80115C60-2CE1-447B-8C77-828963B7C49A}.Ad-Hoc|x64.Build.0 = Release|Any CPU
		{80115C60-2CE1-447B-8C77-828963B7C49A}.Ad-Hoc|x86.ActiveCfg = Release|Any CPU
		{80115C60-2CE1-447B-8C77-828963B7C49A}.Ad-Hoc|x86.Build.0 = Release|Any CPU
		{80115C60-2CE1-447B-8C77-828963B7C49A}.AppStore|Any CPU.ActiveCfg = Release|Any CPU
		{80115C60-2CE1-447B-8C77-828963B7C49A}.AppStore|Any CPU.Build.0 = Release|Any CPU
		{80115C60-2CE1-447B-8C77-828963B7C49A}.AppStore|ARM.ActiveCfg = Release|Any CPU
		{80115C60-2CE1-447B-8C77-828963B7C49A}.AppStore|ARM.Build.0 = Release|Any CPU
		{80115C60-2CE1-447B-8C77-828963B7C49A}.AppStore|iPhone.ActiveCfg = Release|Any CPU
		{80115C60-2CE1-447B-8C77-828963B7C49A}.AppStore|iPhone.Build.0 = Release|Any CPU
		{80115C60-2CE1-447B-8C77-828963B7C49A}.AppStore|iPhoneSimulator.ActiveCfg = Release|Any CPU
		{80115C60-2CE1-447B-8C77-828963B7C49A}.AppStore|iPhoneSimulator.Build.0 = Release|Any CPU
		{80115C60-2CE1-447B-8C77-828963B7C49A}.AppStore|x64.ActiveCfg = Release|Any CPU
		{80115C60-2CE1-447B-8C77-828963B7C49A}.AppStore|x64.Build.0 = Release|Any CPU
		{80115C60-2CE1-447B-8C77-828963B7C49A}.AppStore|x86.ActiveCfg = Release|Any CPU
		{80115C60-2CE1-447B-8C77-828963B7C49A}.AppStore|x86.Build.0 = Release|Any CPU
		{80115C60-2CE1-447B-8C77-828963B7C49A}.Debug|Any CPU.ActiveCfg = Debug|Any CPU
		{80115C60-2CE1-447B-8C77-828963B7C49A}.Debug|Any CPU.Build.0 = Debug|Any CPU
		{80115C60-2CE1-447B-8C77-828963B7C49A}.Debug|ARM.ActiveCfg = Debug|Any CPU
		{80115C60-2CE1-447B-8C77-828963B7C49A}.Debug|ARM.Build.0 = Debug|Any CPU
		{80115C60-2CE1-447B-8C77-828963B7C49A}.Debug|iPhone.ActiveCfg = Debug|Any CPU
		{80115C60-2CE1-447B-8C77-828963B7C49A}.Debug|iPhone.Build.0 = Debug|Any CPU
		{80115C60-2CE1-447B-8C77-828963B7C49A}.Debug|iPhoneSimulator.ActiveCfg = Debug|Any CPU
		{80115C60-2CE1-447B-8C77-828963B7C49A}.Debug|iPhoneSimulator.Build.0 = Debug|Any CPU
		{80115C60-2CE1-447B-8C77-828963B7C49A}.Debug|x64.ActiveCfg = Debug|Any CPU
		{80115C60-2CE1-447B-8C77-828963B7C49A}.Debug|x64.Build.0 = Debug|Any CPU
		{80115C60-2CE1-447B-8C77-828963B7C49A}.Debug|x86.ActiveCfg = Debug|Any CPU
		{80115C60-2CE1-447B-8C77-828963B7C49A}.Debug|x86.Build.0 = Debug|Any CPU
		{80115C60-2CE1-447B-8C77-828963B7C49A}.Release|Any CPU.ActiveCfg = Release|Any CPU
		{80115C60-2CE1-447B-8C77-828963B7C49A}.Release|Any CPU.Build.0 = Release|Any CPU
		{80115C60-2CE1-447B-8C77-828963B7C49A}.Release|ARM.ActiveCfg = Release|Any CPU
		{80115C60-2CE1-447B-8C77-828963B7C49A}.Release|ARM.Build.0 = Release|Any CPU
		{80115C60-2CE1-447B-8C77-828963B7C49A}.Release|iPhone.ActiveCfg = Release|Any CPU
		{80115C60-2CE1-447B-8C77-828963B7C49A}.Release|iPhone.Build.0 = Release|Any CPU
		{80115C60-2CE1-447B-8C77-828963B7C49A}.Release|iPhoneSimulator.ActiveCfg = Release|Any CPU
		{80115C60-2CE1-447B-8C77-828963B7C49A}.Release|iPhoneSimulator.Build.0 = Release|Any CPU
		{80115C60-2CE1-447B-8C77-828963B7C49A}.Release|x64.ActiveCfg = Release|Any CPU
		{80115C60-2CE1-447B-8C77-828963B7C49A}.Release|x64.Build.0 = Release|Any CPU
		{80115C60-2CE1-447B-8C77-828963B7C49A}.Release|x86.ActiveCfg = Release|Any CPU
		{80115C60-2CE1-447B-8C77-828963B7C49A}.Release|x86.Build.0 = Release|Any CPU
		{1FE56EA5-80EC-4481-97B8-1B5217F75C0B}.Ad-Hoc|Any CPU.ActiveCfg = Ad-Hoc|iPhone
		{1FE56EA5-80EC-4481-97B8-1B5217F75C0B}.Ad-Hoc|ARM.ActiveCfg = Ad-Hoc|iPhone
		{1FE56EA5-80EC-4481-97B8-1B5217F75C0B}.Ad-Hoc|iPhone.ActiveCfg = Ad-Hoc|iPhone
		{1FE56EA5-80EC-4481-97B8-1B5217F75C0B}.Ad-Hoc|iPhone.Build.0 = Ad-Hoc|iPhone
		{1FE56EA5-80EC-4481-97B8-1B5217F75C0B}.Ad-Hoc|iPhoneSimulator.ActiveCfg = Ad-Hoc|iPhoneSimulator
		{1FE56EA5-80EC-4481-97B8-1B5217F75C0B}.Ad-Hoc|iPhoneSimulator.Build.0 = Ad-Hoc|iPhoneSimulator
		{1FE56EA5-80EC-4481-97B8-1B5217F75C0B}.Ad-Hoc|x64.ActiveCfg = Ad-Hoc|iPhone
		{1FE56EA5-80EC-4481-97B8-1B5217F75C0B}.Ad-Hoc|x86.ActiveCfg = Ad-Hoc|iPhone
		{1FE56EA5-80EC-4481-97B8-1B5217F75C0B}.AppStore|Any CPU.ActiveCfg = AppStore|iPhone
		{1FE56EA5-80EC-4481-97B8-1B5217F75C0B}.AppStore|ARM.ActiveCfg = AppStore|iPhone
		{1FE56EA5-80EC-4481-97B8-1B5217F75C0B}.AppStore|iPhone.ActiveCfg = AppStore|iPhone
		{1FE56EA5-80EC-4481-97B8-1B5217F75C0B}.AppStore|iPhone.Build.0 = AppStore|iPhone
		{1FE56EA5-80EC-4481-97B8-1B5217F75C0B}.AppStore|iPhoneSimulator.ActiveCfg = AppStore|iPhoneSimulator
		{1FE56EA5-80EC-4481-97B8-1B5217F75C0B}.AppStore|iPhoneSimulator.Build.0 = AppStore|iPhoneSimulator
		{1FE56EA5-80EC-4481-97B8-1B5217F75C0B}.AppStore|x64.ActiveCfg = AppStore|iPhone
		{1FE56EA5-80EC-4481-97B8-1B5217F75C0B}.AppStore|x86.ActiveCfg = AppStore|iPhone
		{1FE56EA5-80EC-4481-97B8-1B5217F75C0B}.Debug|Any CPU.ActiveCfg = Debug|iPhone
		{1FE56EA5-80EC-4481-97B8-1B5217F75C0B}.Debug|ARM.ActiveCfg = Debug|iPhone
		{1FE56EA5-80EC-4481-97B8-1B5217F75C0B}.Debug|iPhone.ActiveCfg = Debug|iPhone
		{1FE56EA5-80EC-4481-97B8-1B5217F75C0B}.Debug|iPhone.Build.0 = Debug|iPhone
		{1FE56EA5-80EC-4481-97B8-1B5217F75C0B}.Debug|iPhoneSimulator.ActiveCfg = Debug|iPhoneSimulator
		{1FE56EA5-80EC-4481-97B8-1B5217F75C0B}.Debug|iPhoneSimulator.Build.0 = Debug|iPhoneSimulator
		{1FE56EA5-80EC-4481-97B8-1B5217F75C0B}.Debug|x64.ActiveCfg = Debug|iPhone
		{1FE56EA5-80EC-4481-97B8-1B5217F75C0B}.Debug|x86.ActiveCfg = Debug|iPhone
		{1FE56EA5-80EC-4481-97B8-1B5217F75C0B}.Release|Any CPU.ActiveCfg = Release|iPhone
		{1FE56EA5-80EC-4481-97B8-1B5217F75C0B}.Release|ARM.ActiveCfg = Release|iPhone
		{1FE56EA5-80EC-4481-97B8-1B5217F75C0B}.Release|iPhone.ActiveCfg = Release|iPhone
		{1FE56EA5-80EC-4481-97B8-1B5217F75C0B}.Release|iPhone.Build.0 = Release|iPhone
		{1FE56EA5-80EC-4481-97B8-1B5217F75C0B}.Release|iPhoneSimulator.ActiveCfg = Release|iPhoneSimulator
		{1FE56EA5-80EC-4481-97B8-1B5217F75C0B}.Release|iPhoneSimulator.Build.0 = Release|iPhoneSimulator
		{1FE56EA5-80EC-4481-97B8-1B5217F75C0B}.Release|x64.ActiveCfg = Release|iPhone
		{1FE56EA5-80EC-4481-97B8-1B5217F75C0B}.Release|x86.ActiveCfg = Release|iPhone
	EndGlobalSection
	GlobalSection(SolutionProperties) = preSolution
		HideSolutionNode = FALSE
	EndGlobalSection
EndGlobal
